# THIS IS AN AUTOGENERATED FILE. DO NOT EDIT THIS FILE DIRECTLY.
# yarn lockfile v1


"@types/orderedmap@*":
  version "1.0.0"
  resolved "https://registry.yarnpkg.com/@types/orderedmap/-/orderedmap-1.0.0.tgz#807455a192bba52cbbb4517044bc82bdbfa8c596"
  integrity sha512-dxKo80TqYx3YtBipHwA/SdFmMMyLCnP+5mkEqN0eMjcTBzHkiiX0ES118DsjDBjvD+zeSsSU9jULTZ+frog+Gw==

"@types/prosemirror-model@*":
  version "1.7.2"
  resolved "https://registry.yarnpkg.com/@types/prosemirror-model/-/prosemirror-model-1.7.2.tgz#9c7aff2fd62f0f56eb76e2e0eb27bf6996e6c28a"
  integrity sha512-2l+yXvidg3AUHN07mO4Jd8Q84fo6ksFsy7LHUurLYrZ74uTahBp2fzcO49AKZMzww2EulXJ40Kl/OFaQ/7A1fw==
  dependencies:
    "@types/orderedmap" "*"

"@types/prosemirror-state@*", "@types/prosemirror-state@^1.2.5":
  version "1.2.5"
  resolved "https://registry.yarnpkg.com/@types/prosemirror-state/-/prosemirror-state-1.2.5.tgz#a91304e9aab6e71f868e23b3a1ae514a75033f8f"
  integrity sha512-a5DxAifiF6vmdSJ5jsDMkpykUgUJUy+T5Q5hCjFOKJ4cfd3m3q1lsFKr7Bc4r91Qb7rfqyiKCMDnASS8LIHrKw==
  dependencies:
    "@types/prosemirror-model" "*"
    "@types/prosemirror-transform" "*"
    "@types/prosemirror-view" "*"

"@types/prosemirror-transform@*":
  version "1.1.1"
  resolved "https://registry.yarnpkg.com/@types/prosemirror-transform/-/prosemirror-transform-1.1.1.tgz#5a0de16e8e0123b4c3d9559235e19f39cee85e5c"
  integrity sha512-yYCYSoiRH+Wcbl8GJc0PFCzeyMzNQ1vL2xrHHSXZuNcIlH75VoiKrZFeZ6BS9cl8mYXjZrlmdBe8YOxYvyKM6A==
  dependencies:
    "@types/prosemirror-model" "*"

"@types/prosemirror-view@*":
  version "1.15.0"
  resolved "https://registry.yarnpkg.com/@types/prosemirror-view/-/prosemirror-view-1.15.0.tgz#47d80431559107854f559ccaa29f919f5224a440"
  integrity sha512-OBIAiVInYS0cr4txLZEVYs1t1aFKaAZvogFDgkZfLwa+uda+LNPSs6m4tNLU/KXoFu9iK9CPOpiYTlDQPEnU6g==
  dependencies:
    "@types/prosemirror-model" "*"
    "@types/prosemirror-state" "*"
    "@types/prosemirror-transform" "*"

orderedmap@^1.1.0:
  version "1.1.1"
  resolved "https://registry.yarnpkg.com/orderedmap/-/orderedmap-1.1.1.tgz#c618e77611b3b21d0fe3edc92586265e0059c789"
  integrity sha512-3Ux8um0zXbVacKUkcytc0u3HgC0b0bBLT+I60r2J/En72cI0nZffqrA7Xtf2Hqs27j1g82llR5Mhbd0Z1XW4AQ==

prosemirror-collab-plus@^0.4.0:
  version "0.4.0"
  resolved "https://registry.yarnpkg.com/prosemirror-collab-plus/-/prosemirror-collab-plus-0.4.0.tgz#8edc7bf3f9bd78606e10adf30ef0619bb8d5e745"
  integrity sha512-jvxmyq5+GxSjqu094BQRhABmfq3pB8QHGv6HY9wsmQMMi0IYHKZ11/75vos1JxK5qedD9Fnh/k9z5CAGumqPcQ==
  dependencies:
    prosemirror-test-builder "^1.0.3"

prosemirror-model@^1.0.0, prosemirror-model@^1.2.0:
  version "1.11.0"
  resolved "https://registry.yarnpkg.com/prosemirror-model/-/prosemirror-model-1.11.0.tgz#dc36cdb3ad6442b9f6325c7d89170c624f9dc520"
  integrity sha512-GqoAz/mIYjdv8gVYJ8mWFKpHoTxn/lXq4tXJ6bTVxs+rem2LzMYXrNVXfucGtfsgqsJlRIgng/ByG9j7Q8XDrg==
  dependencies:
    orderedmap "^1.1.0"

prosemirror-schema-basic@^1.0.0:
  version "1.1.2"
  resolved "https://registry.yarnpkg.com/prosemirror-schema-basic/-/prosemirror-schema-basic-1.1.2.tgz#4bde5c339c845e0d08ec8fe473064e372ca51ae3"
  integrity sha512-G4q8WflNsR1Q33QAV4MQO0xWrHLOJ+BQcKswGXMy626wlQj6c/1n1v4eC9ns+h2y1r/fJHZEgSZnsNhm9lbrDw==
  dependencies:
    prosemirror-model "^1.2.0"

prosemirror-schema-list@^1.0.0:
  version "1.1.3"
  resolved "https://registry.yarnpkg.com/prosemirror-schema-list/-/prosemirror-schema-list-1.1.3.tgz#c69fe19eefd0cc6461d820b459011d9f61a8e6b5"
  integrity sha512-Km7YAZI21XYxBtMpYswuwBwTkDKoRz1mTsFyyA3/FFdbLxJrrBXIcd1+18dHqVJTn8HK4qYOocjQDfi+xVP9sQ==
  dependencies:
    prosemirror-model "^1.0.0"
    prosemirror-transform "^1.0.0"

prosemirror-state@^1.3.3:
  version "1.3.3"
  resolved "https://registry.yarnpkg.com/prosemirror-state/-/prosemirror-state-1.3.3.tgz#b2862866b14dec2b3ae1ab18229f2bd337651a2c"
  integrity sha512-PLXh2VJsIgvlgSTH6I2Yg6vk1CzPDp21DFreVpQtDMY2S6WaMmrQgDTLRcsrD8X38v8Yc873H7+ogdGzyIPn+w==
  dependencies:
    prosemirror-model "^1.0.0"
    prosemirror-transform "^1.0.0"

prosemirror-test-builder@^1.0.3:
  version "1.0.3"
  resolved "https://registry.yarnpkg.com/prosemirror-test-builder/-/prosemirror-test-builder-1.0.3.tgz#9706b6e021efe82830b479797923d835f4ca12a3"
  integrity sha512-VlRA3uWaOtf+tapHg0Q83fKGZbmLXdAsjskiJs3OyOvb/E/O7gOIMxrfFosa6YeqMePQHWAMM0uoOZQFLtX0dQ==
  dependencies:
    prosemirror-model "^1.0.0"
    prosemirror-schema-basic "^1.0.0"
    prosemirror-schema-list "^1.0.0"

prosemirror-transform@^1.0.0:
  version "1.2.7"
  resolved "https://registry.yarnpkg.com/prosemirror-transform/-/prosemirror-transform-1.2.7.tgz#ba0e291a3cb43e6b633b779d93f53d01f5dad570"
  integrity sha512-/107Lo2zeDgXuJBxb8s/clNu0Z2W8Gv3MKmkuSS/68Mcr7LBaUnN/Hj2g+GUxEJ7MpExCzFs65GrsNo2K9rxUQ==
  dependencies:
    prosemirror-model "^1.0.0"
